
Microsoft Visual Studio Solution File, Format Version 12.00
# Visual Studio Version 17
VisualStudioVersion = 17.6.33829.357
MinimumVisualStudioVersion = 10.0.40219.1
Project("{FAE04EC0-301F-11D3-BF4B-00C04F79EFBC}") = "yansimaoyunu", "yansimaoyunu\yansimaoyunu.csproj", "{001D1E0E-4DD1-49BF-A388-D2DA68F7B81E}"
EndProject
Global
	GlobalSection(SolutionConfigurationPlatforms) = preSolution
		Debug|Any CPU = Debug|Any CPU
		Release|Any CPU = Release|Any CPU
	EndGlobalSection
	GlobalSection(ProjectConfigurationPlatforms) = postSolution
		{001D1E0E-4DD1-49BF-A388-D2DA68F7B81E}.Debug|Any CPU.ActiveCfg = Debug|Any CPU
		{001D1E0E-4DD1-49BF-A388-D2DA68F7B81E}.Debug|Any CPU.Build.0 = Debug|Any CPU
		{001D1E0E-4DD1-49BF-A388-D2DA68F7B81E}.Release|Any CPU.ActiveCfg = Release|Any CPU
		{001D1E0E-4DD1-49BF-A388-D2DA68F7B81E}.Release|Any CPU.Build.0 = Release|Any CPU
	EndGlobalSection
	GlobalSection(SolutionProperties) = preSolution
		HideSolutionNode = FALSE
	EndGlobalSection
	GlobalSection(ExtensibilityGlobals) = postSolution
		SolutionGuid = {32556B84-5D60-45F8-A3AC-7D8349AFBBB2}
	EndGlobalSection
EndGlobal
